
Microsoft Visual Studio Solution File, Format Version 12.00
# Visual Studio Version 16
VisualStudioVersion = 16.0.31702.278
MinimumVisualStudioVersion = 10.0.40219.1
Project("{FAE04EC0-301F-11D3-BF4B-00C04F79EFBC}") = "Memento", "Memento\Memento.csproj", "{3484A7EB-25EE-4601-A20E-D83DE046F160}"
EndProject
Project("{FAE04EC0-301F-11D3-BF4B-00C04F79EFBC}") = "Mediator", "Mediator\Mediator.csproj", "{138E71BD-D1F9-45F1-A93D-E0E6F40A089B}"
EndProject
Global
	GlobalSection(SolutionConfigurationPlatforms) = preSolution
		Debug|Any CPU = Debug|Any CPU
		Release|Any CPU = Release|Any CPU
	EndGlobalSection
	GlobalSection(ProjectConfigurationPlatforms) = postSolution
		{3484A7EB-25EE-4601-A20E-D83DE046F160}.Debug|Any CPU.ActiveCfg = Debug|Any CPU
		{3484A7EB-25EE-4601-A20E-D83DE046F160}.Debug|Any CPU.Build.0 = Debug|Any CPU
		{3484A7EB-25EE-4601-A20E-D83DE046F160}.Release|Any CPU.ActiveCfg = Release|Any CPU
		{3484A7EB-25EE-4601-A20E-D83DE046F160}.Release|Any CPU.Build.0 = Release|Any CPU
		{138E71BD-D1F9-45F1-A93D-E0E6F40A089B}.Debug|Any CPU.ActiveCfg = Debug|Any CPU
		{138E71BD-D1F9-45F1-A93D-E0E6F40A089B}.Debug|Any CPU.Build.0 = Debug|Any CPU
		{138E71BD-D1F9-45F1-A93D-E0E6F40A089B}.Release|Any CPU.ActiveCfg = Release|Any CPU
		{138E71BD-D1F9-45F1-A93D-E0E6F40A089B}.Release|Any CPU.Build.0 = Release|Any CPU
	EndGlobalSection
	GlobalSection(SolutionProperties) = preSolution
		HideSolutionNode = FALSE
	EndGlobalSection
	GlobalSection(ExtensibilityGlobals) = postSolution
		SolutionGuid = {52B9BF51-1D30-41BF-8C18-912EF4CE8628}
	EndGlobalSection
EndGlobal
